
Microsoft Visual Studio Solution File, Format Version 12.00
# Visual Studio Version 16
VisualStudioVersion = 16.0.29001.49
MinimumVisualStudioVersion = 10.0.40219.1
Project("{2150E333-8FDC-42A3-9474-1A3956D46DE8}") = "src", "src", "{EF004A77-9EE1-4807-8C64-28CFABA41B8F}"
EndProject
Project("{9A19103F-16F7-4668-BE54-9A1E7A4F7556}") = "Lib.FaceDetect", "src\Lib.FaceDetect\Lib.FaceDetect.csproj", "{780FE3AA-6364-4223-97B5-69E47405FD2C}"
EndProject
Project("{2150E333-8FDC-42A3-9474-1A3956D46DE8}") = "demo", "demo", "{56F52940-EF32-47C2-9AAC-9E463FEB9C36}"
EndProject
Project("{FAE04EC0-301F-11D3-BF4B-00C04F79EFBC}") = "FaceDetectApp", "demo\FaceDetectApp\FaceDetectApp.csproj", "{0083B6EF-6E5F-4F2C-AC21-8F1C7E6C6081}"
EndProject
Project("{FAE04EC0-301F-11D3-BF4B-00C04F79EFBC}") = "Lib.FaceDetectTest", "Lib.FaceDetectTest\Lib.FaceDetectTest.csproj", "{672D91BB-2938-4D58-BDE3-69AE2B8EA253}"
EndProject
Global
	GlobalSection(SolutionConfigurationPlatforms) = preSolution
		Debug|Any CPU = Debug|Any CPU
		Release|Any CPU = Release|Any CPU
	EndGlobalSection
	GlobalSection(ProjectConfigurationPlatforms) = postSolution
		{780FE3AA-6364-4223-97B5-69E47405FD2C}.Debug|Any CPU.ActiveCfg = Debug|Any CPU
		{780FE3AA-6364-4223-97B5-69E47405FD2C}.Debug|Any CPU.Build.0 = Debug|Any CPU
		{780FE3AA-6364-4223-97B5-69E47405FD2C}.Release|Any CPU.ActiveCfg = Release|Any CPU
		{780FE3AA-6364-4223-97B5-69E47405FD2C}.Release|Any CPU.Build.0 = Release|Any CPU
		{0083B6EF-6E5F-4F2C-AC21-8F1C7E6C6081}.Debug|Any CPU.ActiveCfg = Debug|Any CPU
		{0083B6EF-6E5F-4F2C-AC21-8F1C7E6C6081}.Debug|Any CPU.Build.0 = Debug|Any CPU
		{0083B6EF-6E5F-4F2C-AC21-8F1C7E6C6081}.Release|Any CPU.ActiveCfg = Release|Any CPU
		{0083B6EF-6E5F-4F2C-AC21-8F1C7E6C6081}.Release|Any CPU.Build.0 = Release|Any CPU
		{672D91BB-2938-4D58-BDE3-69AE2B8EA253}.Debug|Any CPU.ActiveCfg = Debug|Any CPU
		{672D91BB-2938-4D58-BDE3-69AE2B8EA253}.Debug|Any CPU.Build.0 = Debug|Any CPU
		{672D91BB-2938-4D58-BDE3-69AE2B8EA253}.Release|Any CPU.ActiveCfg = Release|Any CPU
		{672D91BB-2938-4D58-BDE3-69AE2B8EA253}.Release|Any CPU.Build.0 = Release|Any CPU
	EndGlobalSection
	GlobalSection(SolutionProperties) = preSolution
		HideSolutionNode = FALSE
	EndGlobalSection
	GlobalSection(NestedProjects) = preSolution
		{780FE3AA-6364-4223-97B5-69E47405FD2C} = {EF004A77-9EE1-4807-8C64-28CFABA41B8F}
		{0083B6EF-6E5F-4F2C-AC21-8F1C7E6C6081} = {56F52940-EF32-47C2-9AAC-9E463FEB9C36}
		{672D91BB-2938-4D58-BDE3-69AE2B8EA253} = {EF004A77-9EE1-4807-8C64-28CFABA41B8F}
	EndGlobalSection
	GlobalSection(ExtensibilityGlobals) = postSolution
		SolutionGuid = {D6918F46-8D6D-4301-B611-BC3323FB53BC}
	EndGlobalSection
EndGlobal
